
Microsoft Visual Studio Solution File, Format Version 12.00
# Visual Studio Version 16
VisualStudioVersion = 25.0.1704.3
MinimumVisualStudioVersion = 10.0.40219.1
Project("{FAE04EC0-301F-11D3-BF4B-00C04F79EFBC}") = "ProcessEntry", "ProcessEntry\ProcessEntry.csproj", "{4CA6A58E-96B5-433E-8AE1-52A4239879AD}"
EndProject
Global
	GlobalSection(SolutionConfigurationPlatforms) = preSolution
		Debug|Any CPU = Debug|Any CPU
		Release|Any CPU = Release|Any CPU
	EndGlobalSection
	GlobalSection(ProjectConfigurationPlatforms) = postSolution
		{4CA6A58E-96B5-433E-8AE1-52A4239879AD}.Debug|Any CPU.ActiveCfg = Debug|Any CPU
		{4CA6A58E-96B5-433E-8AE1-52A4239879AD}.Debug|Any CPU.Build.0 = Debug|Any CPU
		{4CA6A58E-96B5-433E-8AE1-52A4239879AD}.Release|Any CPU.ActiveCfg = Release|Any CPU
		{4CA6A58E-96B5-433E-8AE1-52A4239879AD}.Release|Any CPU.Build.0 = Release|Any CPU
	EndGlobalSection
	GlobalSection(SolutionProperties) = preSolution
		HideSolutionNode = FALSE
	EndGlobalSection
	GlobalSection(ExtensibilityGlobals) = postSolution
		SolutionGuid = {60554EA9-A944-4BF6-B68F-B9622B119C78}
	EndGlobalSection
EndGlobal
